
Microsoft Visual Studio Solution File, Format Version 12.00
# Visual Studio Version 17
VisualStudioVersion = 17.5.002.0
MinimumVisualStudioVersion = 10.0.40219.1
Project("{2150E333-8FDC-42A3-9474-1A3956D46DE8}") = "beecrowd-cs", "beecrowd-cs", "{B0FB6293-DA90-4C02-BB29-FD92832BD31F}"
EndProject
Project("{2150E333-8FDC-42A3-9474-1A3956D46DE8}") = "Iniciante", "Iniciante", "{574FCF97-9719-40F2-9AF4-996AE0E3E632}"
EndProject
Project("{9A19103F-16F7-4668-BE54-9A1E7A4F7556}") = "ExtremamenteBasico", "beecrowd-cs\Iniciante\ExtremamenteBasico\ExtremamenteBasico.csproj", "{15452792-9625-4A3F-9956-720DD222E4EB}"
EndProject
Project("{9A19103F-16F7-4668-BE54-9A1E7A4F7556}") = "HelloWorld", "beecrowd-cs\Iniciante\HelloWorld\HelloWorld.csproj", "{FC92E303-69C7-4CE6-9B12-9C5251AB5C04}"
EndProject
Project("{9A19103F-16F7-4668-BE54-9A1E7A4F7556}") = "AreaDoCirculo", "beecrowd-cs\Iniciante\AreaDoCirculo\AreaDoCirculo.csproj", "{458A79B4-D959-4607-9120-D1CCA95BBB2F}"
EndProject
Project("{9A19103F-16F7-4668-BE54-9A1E7A4F7556}") = "SomaSimples", "beecrowd-cs\Iniciante\SomaSimples\SomaSimples.csproj", "{31D1CF39-0BBC-48EE-930E-7FF1DE98F0B2}"
EndProject
Project("{9A19103F-16F7-4668-BE54-9A1E7A4F7556}") = "ProdutoSimples", "beecrowd-cs\Iniciante\ProdutoSimples\ProdutoSimples.csproj", "{B942C337-1705-45AC-AAF3-6F5809EEA00E}"
EndProject
Global
	GlobalSection(SolutionConfigurationPlatforms) = preSolution
		Debug|Any CPU = Debug|Any CPU
		Release|Any CPU = Release|Any CPU
	EndGlobalSection
	GlobalSection(ProjectConfigurationPlatforms) = postSolution
		{15452792-9625-4A3F-9956-720DD222E4EB}.Debug|Any CPU.ActiveCfg = Debug|Any CPU
		{15452792-9625-4A3F-9956-720DD222E4EB}.Debug|Any CPU.Build.0 = Debug|Any CPU
		{15452792-9625-4A3F-9956-720DD222E4EB}.Release|Any CPU.ActiveCfg = Release|Any CPU
		{15452792-9625-4A3F-9956-720DD222E4EB}.Release|Any CPU.Build.0 = Release|Any CPU
		{FC92E303-69C7-4CE6-9B12-9C5251AB5C04}.Debug|Any CPU.ActiveCfg = Debug|Any CPU
		{FC92E303-69C7-4CE6-9B12-9C5251AB5C04}.Debug|Any CPU.Build.0 = Debug|Any CPU
		{FC92E303-69C7-4CE6-9B12-9C5251AB5C04}.Release|Any CPU.ActiveCfg = Release|Any CPU
		{FC92E303-69C7-4CE6-9B12-9C5251AB5C04}.Release|Any CPU.Build.0 = Release|Any CPU
		{458A79B4-D959-4607-9120-D1CCA95BBB2F}.Debug|Any CPU.ActiveCfg = Debug|Any CPU
		{458A79B4-D959-4607-9120-D1CCA95BBB2F}.Debug|Any CPU.Build.0 = Debug|Any CPU
		{458A79B4-D959-4607-9120-D1CCA95BBB2F}.Release|Any CPU.ActiveCfg = Release|Any CPU
		{458A79B4-D959-4607-9120-D1CCA95BBB2F}.Release|Any CPU.Build.0 = Release|Any CPU
		{31D1CF39-0BBC-48EE-930E-7FF1DE98F0B2}.Debug|Any CPU.ActiveCfg = Debug|Any CPU
		{31D1CF39-0BBC-48EE-930E-7FF1DE98F0B2}.Debug|Any CPU.Build.0 = Debug|Any CPU
		{31D1CF39-0BBC-48EE-930E-7FF1DE98F0B2}.Release|Any CPU.ActiveCfg = Release|Any CPU
		{31D1CF39-0BBC-48EE-930E-7FF1DE98F0B2}.Release|Any CPU.Build.0 = Release|Any CPU
		{B942C337-1705-45AC-AAF3-6F5809EEA00E}.Debug|Any CPU.ActiveCfg = Debug|Any CPU
		{B942C337-1705-45AC-AAF3-6F5809EEA00E}.Debug|Any CPU.Build.0 = Debug|Any CPU
		{B942C337-1705-45AC-AAF3-6F5809EEA00E}.Release|Any CPU.ActiveCfg = Release|Any CPU
		{B942C337-1705-45AC-AAF3-6F5809EEA00E}.Release|Any CPU.Build.0 = Release|Any CPU
	EndGlobalSection
	GlobalSection(SolutionProperties) = preSolution
		HideSolutionNode = FALSE
	EndGlobalSection
	GlobalSection(NestedProjects) = preSolution
		{574FCF97-9719-40F2-9AF4-996AE0E3E632} = {B0FB6293-DA90-4C02-BB29-FD92832BD31F}
		{15452792-9625-4A3F-9956-720DD222E4EB} = {574FCF97-9719-40F2-9AF4-996AE0E3E632}
		{FC92E303-69C7-4CE6-9B12-9C5251AB5C04} = {574FCF97-9719-40F2-9AF4-996AE0E3E632}
		{458A79B4-D959-4607-9120-D1CCA95BBB2F} = {574FCF97-9719-40F2-9AF4-996AE0E3E632}
		{31D1CF39-0BBC-48EE-930E-7FF1DE98F0B2} = {574FCF97-9719-40F2-9AF4-996AE0E3E632}
		{B942C337-1705-45AC-AAF3-6F5809EEA00E} = {574FCF97-9719-40F2-9AF4-996AE0E3E632}
	EndGlobalSection
	GlobalSection(ExtensibilityGlobals) = postSolution
		SolutionGuid = {A80B170F-8361-4636-852B-4DBA6D0BDDE5}
	EndGlobalSection
EndGlobal
